// !$*UTF8*$!
{
	archiveVersion = 1;
	classes = {
	};
	objectVersion = 55;
	objects = {

/* Begin PBXBuildFile section */
		05346CDE28AF87AC007F8E48 /* ContacsListView.swift in Sources */ = {isa = PBXBuildFile; fileRef = 05346CDD28AF87AC007F8E48 /* ContacsListView.swift */; };
		05346CE028AF87CA007F8E48 /* ChatsListView.swift in Sources */ = {isa = PBXBuildFile; fileRef = 05346CDF28AF87CA007F8E48 /* ChatsListView.swift */; };
		05346CE228AFAC9A007F8E48 /* ContactRow.swift in Sources */ = {isa = PBXBuildFile; fileRef = 05346CE128AFAC9A007F8E48 /* ContactRow.swift */; };
		057496F528A7EB52003FFCB0 /* FirebaseFirestoreSwift in Frameworks */ = {isa = PBXBuildFile; productRef = 057496F428A7EB52003FFCB0 /* FirebaseFirestoreSwift */; };
		057496F728A7ED00003FFCB0 /* DatabaseService.swift in Sources */ = {isa = PBXBuildFile; fileRef = 057496F628A7ED00003FFCB0 /* DatabaseService.swift */; };
		057496F928A7F1AE003FFCB0 /* TextHelper.swift in Sources */ = {isa = PBXBuildFile; fileRef = 057496F828A7F1AE003FFCB0 /* TextHelper.swift */; };
		0574971728ACD889003FFCB0 /* ImagePicker.swift in Sources */ = {isa = PBXBuildFile; fileRef = 0574971628ACD889003FFCB0 /* ImagePicker.swift */; };
		0574971928AE14B2003FFCB0 /* AppDelegate.swift in Sources */ = {isa = PBXBuildFile; fileRef = 0574971828AE14B2003FFCB0 /* AppDelegate.swift */; };
		059601DC28B0A5A700187E3E /* ConversationView.swift in Sources */ = {isa = PBXBuildFile; fileRef = 059601DB28B0A5A700187E3E /* ConversationView.swift */; };
		059601DF28B0AA6F00187E3E /* ProfilePicView.swift in Sources */ = {isa = PBXBuildFile; fileRef = 059601DE28B0AA6F00187E3E /* ProfilePicView.swift */; };
		059601E328B0C89300187E3E /* RoundedCornerExtension.swift in Sources */ = {isa = PBXBuildFile; fileRef = 059601E228B0C89300187E3E /* RoundedCornerExtension.swift */; };
		05C1A34028A4F2AE00749696 /* ChatApp.swift in Sources */ = {isa = PBXBuildFile; fileRef = 05C1A33F28A4F2AE00749696 /* ChatApp.swift */; };
		05C1A34228A4F2AE00749696 /* RootView.swift in Sources */ = {isa = PBXBuildFile; fileRef = 05C1A34128A4F2AE00749696 /* RootView.swift */; };
		05C1A34428A4F2AF00749696 /* Assets.xcassets in Resources */ = {isa = PBXBuildFile; fileRef = 05C1A34328A4F2AF00749696 /* Assets.xcassets */; };
		05C1A34728A4F2AF00749696 /* Preview Assets.xcassets in Resources */ = {isa = PBXBuildFile; fileRef = 05C1A34628A4F2AF00749696 /* Preview Assets.xcassets */; };
		05C1A35628A4F8B500749696 /* LexendDeca-Regular.ttf in Resources */ = {isa = PBXBuildFile; fileRef = 05C1A35328A4F8B500749696 /* LexendDeca-Regular.ttf */; };
		05C1A35728A4F8B500749696 /* LexendDeca-SemiBold.ttf in Resources */ = {isa = PBXBuildFile; fileRef = 05C1A35428A4F8B500749696 /* LexendDeca-SemiBold.ttf */; };
		05C1A35828A4F8B500749696 /* LexendDeca-Bold.ttf in Resources */ = {isa = PBXBuildFile; fileRef = 05C1A35528A4F8B500749696 /* LexendDeca-Bold.ttf */; };
		05C1A35B28A5047900749696 /* Fonts.swift in Sources */ = {isa = PBXBuildFile; fileRef = 05C1A35A28A5047900749696 /* Fonts.swift */; };
		05C1A35E28A52ED700749696 /* CustomTabBar.swift in Sources */ = {isa = PBXBuildFile; fileRef = 05C1A35D28A52ED700749696 /* CustomTabBar.swift */; };
		05C1A36028A541AF00749696 /* TabButton.swift in Sources */ = {isa = PBXBuildFile; fileRef = 05C1A35F28A541AF00749696 /* TabButton.swift */; };
		05C1A36228A5492700749696 /* GoogleService-Info.plist in Resources */ = {isa = PBXBuildFile; fileRef = 05C1A36128A5492700749696 /* GoogleService-Info.plist */; };
		05C1A36528A54B3100749696 /* FirebaseAuth in Frameworks */ = {isa = PBXBuildFile; productRef = 05C1A36428A54B3100749696 /* FirebaseAuth */; };
		05C1A36728A54B3100749696 /* FirebaseFirestore in Frameworks */ = {isa = PBXBuildFile; productRef = 05C1A36628A54B3100749696 /* FirebaseFirestore */; };
		05C1A36928A54B3100749696 /* FirebaseStorage in Frameworks */ = {isa = PBXBuildFile; productRef = 05C1A36828A54B3100749696 /* FirebaseStorage */; };
		05C1A36E28A5560500749696 /* AuthViewModel.swift in Sources */ = {isa = PBXBuildFile; fileRef = 05C1A36D28A5560500749696 /* AuthViewModel.swift */; };
		05C1A37128A6646900749696 /* OnBoardingContainerView.swift in Sources */ = {isa = PBXBuildFile; fileRef = 05C1A37028A6646900749696 /* OnBoardingContainerView.swift */; };
		05C1A37328A676DA00749696 /* WelcomeView.swift in Sources */ = {isa = PBXBuildFile; fileRef = 05C1A37228A676DA00749696 /* WelcomeView.swift */; };
		05C1A37528A676E400749696 /* CreateProfileView.swift in Sources */ = {isa = PBXBuildFile; fileRef = 05C1A37428A676E400749696 /* CreateProfileView.swift */; };
		05C1A37728A676F400749696 /* PhoneNumberView.swift in Sources */ = {isa = PBXBuildFile; fileRef = 05C1A37628A676F400749696 /* PhoneNumberView.swift */; };
		05C1A37928A6770500749696 /* VerificationView.swift in Sources */ = {isa = PBXBuildFile; fileRef = 05C1A37828A6770500749696 /* VerificationView.swift */; };
		05C1A37B28A6771600749696 /* SyncContactsView.swift in Sources */ = {isa = PBXBuildFile; fileRef = 05C1A37A28A6771600749696 /* SyncContactsView.swift */; };
		05C1A37D28A68CA200749696 /* OnboardingButtonStyle.swift in Sources */ = {isa = PBXBuildFile; fileRef = 05C1A37C28A68CA200749696 /* OnboardingButtonStyle.swift */; };
		05C1A37F28A6A9A700749696 /* ProfileTextFieldStyle.swift in Sources */ = {isa = PBXBuildFile; fileRef = 05C1A37E28A6A9A700749696 /* ProfileTextFieldStyle.swift */; };
		05C1A38128A7CD6800749696 /* ContactsViewModel.swift in Sources */ = {isa = PBXBuildFile; fileRef = 05C1A38028A7CD6800749696 /* ContactsViewModel.swift */; };
		05C1A38328A7E79400749696 /* User.swift in Sources */ = {isa = PBXBuildFile; fileRef = 05C1A38228A7E79400749696 /* User.swift */; };
/* End PBXBuildFile section */

/* Begin PBXFileReference section */
		05346CDD28AF87AC007F8E48 /* ContacsListView.swift */ = {isa = PBXFileReference; lastKnownFileType = sourcecode.swift; path = ContacsListView.swift; sourceTree = "<group>"; };
		05346CDF28AF87CA007F8E48 /* ChatsListView.swift */ = {isa = PBXFileReference; lastKnownFileType = sourcecode.swift; path = ChatsListView.swift; sourceTree = "<group>"; };
		05346CE128AFAC9A007F8E48 /* ContactRow.swift */ = {isa = PBXFileReference; lastKnownFileType = sourcecode.swift; path = ContactRow.swift; sourceTree = "<group>"; };
		057496F628A7ED00003FFCB0 /* DatabaseService.swift */ = {isa = PBXFileReference; lastKnownFileType = sourcecode.swift; path = DatabaseService.swift; sourceTree = "<group>"; };
		057496F828A7F1AE003FFCB0 /* TextHelper.swift */ = {isa = PBXFileReference; lastKnownFileType = sourcecode.swift; path = TextHelper.swift; sourceTree = "<group>"; };
		0574971628ACD889003FFCB0 /* ImagePicker.swift */ = {isa = PBXFileReference; fileEncoding = 4; lastKnownFileType = sourcecode.swift; path = ImagePicker.swift; sourceTree = "<group>"; };
		0574971828AE14B2003FFCB0 /* AppDelegate.swift */ = {isa = PBXFileReference; fileEncoding = 4; lastKnownFileType = sourcecode.swift; path = AppDelegate.swift; sourceTree = "<group>"; };
		059601DB28B0A5A700187E3E /* ConversationView.swift */ = {isa = PBXFileReference; lastKnownFileType = sourcecode.swift; path = ConversationView.swift; sourceTree = "<group>"; };
		059601DE28B0AA6F00187E3E /* ProfilePicView.swift */ = {isa = PBXFileReference; lastKnownFileType = sourcecode.swift; path = ProfilePicView.swift; sourceTree = "<group>"; };
		059601E228B0C89300187E3E /* RoundedCornerExtension.swift */ = {isa = PBXFileReference; lastKnownFileType = sourcecode.swift; path = RoundedCornerExtension.swift; sourceTree = "<group>"; };
		05C1A33C28A4F2AE00749696 /* ChatApp.app */ = {isa = PBXFileReference; explicitFileType = wrapper.application; includeInIndex = 0; path = ChatApp.app; sourceTree = BUILT_PRODUCTS_DIR; };
		05C1A33F28A4F2AE00749696 /* ChatApp.swift */ = {isa = PBXFileReference; lastKnownFileType = sourcecode.swift; path = ChatApp.swift; sourceTree = "<group>"; };
		05C1A34128A4F2AE00749696 /* RootView.swift */ = {isa = PBXFileReference; lastKnownFileType = sourcecode.swift; path = RootView.swift; sourceTree = "<group>"; };
		05C1A34328A4F2AF00749696 /* Assets.xcassets */ = {isa = PBXFileReference; lastKnownFileType = folder.assetcatalog; path = Assets.xcassets; sourceTree = "<group>"; };
		05C1A34628A4F2AF00749696 /* Preview Assets.xcassets */ = {isa = PBXFileReference; lastKnownFileType = folder.assetcatalog; path = "Preview Assets.xcassets"; sourceTree = "<group>"; };
		05C1A35328A4F8B500749696 /* LexendDeca-Regular.ttf */ = {isa = PBXFileReference; lastKnownFileType = file; path = "LexendDeca-Regular.ttf"; sourceTree = "<group>"; };
		05C1A35428A4F8B500749696 /* LexendDeca-SemiBold.ttf */ = {isa = PBXFileReference; lastKnownFileType = file; path = "LexendDeca-SemiBold.ttf"; sourceTree = "<group>"; };
		05C1A35528A4F8B500749696 /* LexendDeca-Bold.ttf */ = {isa = PBXFileReference; lastKnownFileType = file; path = "LexendDeca-Bold.ttf"; sourceTree = "<group>"; };
		05C1A35928A5017D00749696 /* Info.plist */ = {isa = PBXFileReference; lastKnownFileType = text.plist; path = Info.plist; sourceTree = "<group>"; };
		05C1A35A28A5047900749696 /* Fonts.swift */ = {isa = PBXFileReference; lastKnownFileType = sourcecode.swift; path = Fonts.swift; sourceTree = "<group>"; };
		05C1A35D28A52ED700749696 /* CustomTabBar.swift */ = {isa = PBXFileReference; lastKnownFileType = sourcecode.swift; path = CustomTabBar.swift; sourceTree = "<group>"; };
		05C1A35F28A541AF00749696 /* TabButton.swift */ = {isa = PBXFileReference; lastKnownFileType = sourcecode.swift; path = TabButton.swift; sourceTree = "<group>"; };
		05C1A36128A5492700749696 /* GoogleService-Info.plist */ = {isa = PBXFileReference; fileEncoding = 4; lastKnownFileType = text.plist.xml; path = "GoogleService-Info.plist"; sourceTree = "<group>"; };
		05C1A36C28A54F4900749696 /* ChatApp.entitlements */ = {isa = PBXFileReference; lastKnownFileType = text.plist.entitlements; path = ChatApp.entitlements; sourceTree = "<group>"; };
		05C1A36D28A5560500749696 /* AuthViewModel.swift */ = {isa = PBXFileReference; lastKnownFileType = sourcecode.swift; path = AuthViewModel.swift; sourceTree = "<group>"; };
		05C1A37028A6646900749696 /* OnBoardingContainerView.swift */ = {isa = PBXFileReference; lastKnownFileType = sourcecode.swift; path = OnBoardingContainerView.swift; sourceTree = "<group>"; };
		05C1A37228A676DA00749696 /* WelcomeView.swift */ = {isa = PBXFileReference; lastKnownFileType = sourcecode.swift; path = WelcomeView.swift; sourceTree = "<group>"; };
		05C1A37428A676E400749696 /* CreateProfileView.swift */ = {isa = PBXFileReference; lastKnownFileType = sourcecode.swift; path = CreateProfileView.swift; sourceTree = "<group>"; };
		05C1A37628A676F400749696 /* PhoneNumberView.swift */ = {isa = PBXFileReference; lastKnownFileType = sourcecode.swift; path = PhoneNumberView.swift; sourceTree = "<group>"; };
		05C1A37828A6770500749696 /* VerificationView.swift */ = {isa = PBXFileReference; lastKnownFileType = sourcecode.swift; path = VerificationView.swift; sourceTree = "<group>"; };
		05C1A37A28A6771600749696 /* SyncContactsView.swift */ = {isa = PBXFileReference; lastKnownFileType = sourcecode.swift; path = SyncContactsView.swift; sourceTree = "<group>"; };
		05C1A37C28A68CA200749696 /* OnboardingButtonStyle.swift */ = {isa = PBXFileReference; lastKnownFileType = sourcecode.swift; path = OnboardingButtonStyle.swift; sourceTree = "<group>"; };
		05C1A37E28A6A9A700749696 /* ProfileTextFieldStyle.swift */ = {isa = PBXFileReference; lastKnownFileType = sourcecode.swift; path = ProfileTextFieldStyle.swift; sourceTree = "<group>"; };
		05C1A38028A7CD6800749696 /* ContactsViewModel.swift */ = {isa = PBXFileReference; lastKnownFileType = sourcecode.swift; path = ContactsViewModel.swift; sourceTree = "<group>"; };
		05C1A38228A7E79400749696 /* User.swift */ = {isa = PBXFileReference; lastKnownFileType = sourcecode.swift; path = User.swift; sourceTree = "<group>"; };
/* End PBXFileReference section */

/* Begin PBXFrameworksBuildPhase section */
		05C1A33928A4F2AE00749696 /* Frameworks */ = {
			isa = PBXFrameworksBuildPhase;
			buildActionMask = 2147483647;
			files = (
				05C1A36528A54B3100749696 /* FirebaseAuth in Frameworks */,
				05C1A36728A54B3100749696 /* FirebaseFirestore in Frameworks */,
				05C1A36928A54B3100749696 /* FirebaseStorage in Frameworks */,
				057496F528A7EB52003FFCB0 /* FirebaseFirestoreSwift in Frameworks */,
			);
			runOnlyForDeploymentPostprocessing = 0;
		};
/* End PBXFrameworksBuildPhase section */

/* Begin PBXGroup section */
		05346CDB28AF864C007F8E48 /* Contacts View */ = {
			isa = PBXGroup;
			children = (
				05346CDD28AF87AC007F8E48 /* ContacsListView.swift */,
				05346CE128AFAC9A007F8E48 /* ContactRow.swift */,
			);
			path = "Contacts View";
			sourceTree = "<group>";
		};
		05346CDC28AF8662007F8E48 /* Chats View */ = {
			isa = PBXGroup;
			children = (
				05346CDF28AF87CA007F8E48 /* ChatsListView.swift */,
				059601DB28B0A5A700187E3E /* ConversationView.swift */,
			);
			path = "Chats View";
			sourceTree = "<group>";
		};
		059601DD28B0AA1C00187E3E /* Misc */ = {
			isa = PBXGroup;
			children = (
				059601DE28B0AA6F00187E3E /* ProfilePicView.swift */,
			);
			path = Misc;
			sourceTree = "<group>";
		};
		05C1A33328A4F2AE00749696 = {
			isa = PBXGroup;
			children = (
				05C1A33E28A4F2AE00749696 /* ChatApp */,
				05C1A33D28A4F2AE00749696 /* Products */,
			);
			sourceTree = "<group>";
		};
		05C1A33D28A4F2AE00749696 /* Products */ = {
			isa = PBXGroup;
			children = (
				05C1A33C28A4F2AE00749696 /* ChatApp.app */,
			);
			name = Products;
			sourceTree = "<group>";
		};
		05C1A33E28A4F2AE00749696 /* ChatApp */ = {
			isa = PBXGroup;
			children = (
				05C1A36C28A54F4900749696 /* ChatApp.entitlements */,
				05C1A35928A5017D00749696 /* Info.plist */,
				05C1A36128A5492700749696 /* GoogleService-Info.plist */,
				0574971828AE14B2003FFCB0 /* AppDelegate.swift */,
				05C1A33F28A4F2AE00749696 /* ChatApp.swift */,
				05C1A34D28A4F37E00749696 /* Views */,
				05C1A34E28A4F38700749696 /* ViewModels */,
				05C1A34F28A4F38D00749696 /* Models */,
				05C1A35128A4F39E00749696 /* Services */,
				05C1A35028A4F39400749696 /* Helpers */,
				05C1A35228A4F3A500749696 /* Fonts */,
				05C1A34328A4F2AF00749696 /* Assets.xcassets */,
				05C1A34528A4F2AF00749696 /* Preview Content */,
			);
			path = ChatApp;
			sourceTree = "<group>";
		};
		05C1A34528A4F2AF00749696 /* Preview Content */ = {
			isa = PBXGroup;
			children = (
				05C1A34628A4F2AF00749696 /* Preview Assets.xcassets */,
			);
			path = "Preview Content";
			sourceTree = "<group>";
		};
		05C1A34D28A4F37E00749696 /* Views */ = {
			isa = PBXGroup;
			children = (
				05C1A34128A4F2AE00749696 /* RootView.swift */,
				05C1A36F28A6644F00749696 /* OnBoarding */,
				05C1A35C28A52EB900749696 /* Custom Tab Bar */,
				05346CDB28AF864C007F8E48 /* Contacts View */,
				05346CDC28AF8662007F8E48 /* Chats View */,
				059601DD28B0AA1C00187E3E /* Misc */,
			);
			path = Views;
			sourceTree = "<group>";
		};
		05C1A34E28A4F38700749696 /* ViewModels */ = {
			isa = PBXGroup;
			children = (
				05C1A36D28A5560500749696 /* AuthViewModel.swift */,
				05C1A38028A7CD6800749696 /* ContactsViewModel.swift */,
			);
			path = ViewModels;
			sourceTree = "<group>";
		};
		05C1A34F28A4F38D00749696 /* Models */ = {
			isa = PBXGroup;
			children = (
				05C1A38228A7E79400749696 /* User.swift */,
			);
			path = Models;
			sourceTree = "<group>";
		};
		05C1A35028A4F39400749696 /* Helpers */ = {
			isa = PBXGroup;
			children = (
				05C1A35A28A5047900749696 /* Fonts.swift */,
				05C1A37C28A68CA200749696 /* OnboardingButtonStyle.swift */,
				05C1A37E28A6A9A700749696 /* ProfileTextFieldStyle.swift */,
				057496F828A7F1AE003FFCB0 /* TextHelper.swift */,
				059601E228B0C89300187E3E /* RoundedCornerExtension.swift */,
			);
			path = Helpers;
			sourceTree = "<group>";
		};
		05C1A35128A4F39E00749696 /* Services */ = {
			isa = PBXGroup;
			children = (
				057496F628A7ED00003FFCB0 /* DatabaseService.swift */,
			);
			path = Services;
			sourceTree = "<group>";
		};
		05C1A35228A4F3A500749696 /* Fonts */ = {
			isa = PBXGroup;
			children = (
				05C1A35528A4F8B500749696 /* LexendDeca-Bold.ttf */,
				05C1A35328A4F8B500749696 /* LexendDeca-Regular.ttf */,
				05C1A35428A4F8B500749696 /* LexendDeca-SemiBold.ttf */,
			);
			path = Fonts;
			sourceTree = "<group>";
		};
		05C1A35C28A52EB900749696 /* Custom Tab Bar */ = {
			isa = PBXGroup;
			children = (
				05C1A35D28A52ED700749696 /* CustomTabBar.swift */,
				05C1A35F28A541AF00749696 /* TabButton.swift */,
			);
			path = "Custom Tab Bar";
			sourceTree = "<group>";
		};
		05C1A36F28A6644F00749696 /* OnBoarding */ = {
			isa = PBXGroup;
			children = (
				05C1A37028A6646900749696 /* OnBoardingContainerView.swift */,
				05C1A37228A676DA00749696 /* WelcomeView.swift */,
				05C1A37428A676E400749696 /* CreateProfileView.swift */,
				0574971628ACD889003FFCB0 /* ImagePicker.swift */,
				05C1A37628A676F400749696 /* PhoneNumberView.swift */,
				05C1A37828A6770500749696 /* VerificationView.swift */,
				05C1A37A28A6771600749696 /* SyncContactsView.swift */,
			);
			path = OnBoarding;
			sourceTree = "<group>";
		};
/* End PBXGroup section */

/* Begin PBXNativeTarget section */
		05C1A33B28A4F2AE00749696 /* ChatApp */ = {
			isa = PBXNativeTarget;
			buildConfigurationList = 05C1A34A28A4F2AF00749696 /* Build configuration list for PBXNativeTarget "ChatApp" */;
			buildPhases = (
				05C1A33828A4F2AE00749696 /* Sources */,
				05C1A33928A4F2AE00749696 /* Frameworks */,
				05C1A33A28A4F2AE00749696 /* Resources */,
			);
			buildRules = (
			);
			dependencies = (
			);
			name = ChatApp;
			packageProductDependencies = (
				05C1A36428A54B3100749696 /* FirebaseAuth */,
				05C1A36628A54B3100749696 /* FirebaseFirestore */,
				05C1A36828A54B3100749696 /* FirebaseStorage */,
				057496F428A7EB52003FFCB0 /* FirebaseFirestoreSwift */,
			);
			productName = ChatApp;
			productReference = 05C1A33C28A4F2AE00749696 /* ChatApp.app */;
			productType = "com.apple.product-type.application";
		};
/* End PBXNativeTarget section */

/* Begin PBXProject section */
		05C1A33428A4F2AE00749696 /* Project object */ = {
			isa = PBXProject;
			attributes = {
				BuildIndependentTargetsInParallel = 1;
				LastSwiftUpdateCheck = 1340;
				LastUpgradeCheck = 1340;
				TargetAttributes = {
					05C1A33B28A4F2AE00749696 = {
						CreatedOnToolsVersion = 13.4.1;
					};
				};
			};
			buildConfigurationList = 05C1A33728A4F2AE00749696 /* Build configuration list for PBXProject "ChatApp" */;
			compatibilityVersion = "Xcode 13.0";
			developmentRegion = en;
			hasScannedForEncodings = 0;
			knownRegions = (
				en,
				Base,
			);
			mainGroup = 05C1A33328A4F2AE00749696;
			packageReferences = (
				05C1A36328A54B3100749696 /* XCRemoteSwiftPackageReference "firebase-ios-sdk" */,
				057496F328A7EB52003FFCB0 /* XCRemoteSwiftPackageReference "firebase-ios-sdk" */,
			);
			productRefGroup = 05C1A33D28A4F2AE00749696 /* Products */;
			projectDirPath = "";
			projectRoot = "";
			targets = (
				05C1A33B28A4F2AE00749696 /* ChatApp */,
			);
		};
/* End PBXProject section */

/* Begin PBXResourcesBuildPhase section */
		05C1A33A28A4F2AE00749696 /* Resources */ = {
			isa = PBXResourcesBuildPhase;
			buildActionMask = 2147483647;
			files = (
				05C1A35728A4F8B500749696 /* LexendDeca-SemiBold.ttf in Resources */,
				05C1A35828A4F8B500749696 /* LexendDeca-Bold.ttf in Resources */,
				05C1A34728A4F2AF00749696 /* Preview Assets.xcassets in Resources */,
				05C1A35628A4F8B500749696 /* LexendDeca-Regular.ttf in Resources */,
				05C1A34428A4F2AF00749696 /* Assets.xcassets in Resources */,
				05C1A36228A5492700749696 /* GoogleService-Info.plist in Resources */,
			);
			runOnlyForDeploymentPostprocessing = 0;
		};
/* End PBXResourcesBuildPhase section */

/* Begin PBXSourcesBuildPhase section */
		05C1A33828A4F2AE00749696 /* Sources */ = {
			isa = PBXSourcesBuildPhase;
			buildActionMask = 2147483647;
			files = (
				057496F728A7ED00003FFCB0 /* DatabaseService.swift in Sources */,
				05C1A35E28A52ED700749696 /* CustomTabBar.swift in Sources */,
				05C1A38128A7CD6800749696 /* ContactsViewModel.swift in Sources */,
				05C1A37528A676E400749696 /* CreateProfileView.swift in Sources */,
				057496F928A7F1AE003FFCB0 /* TextHelper.swift in Sources */,
				05C1A34228A4F2AE00749696 /* RootView.swift in Sources */,
				05C1A38328A7E79400749696 /* User.swift in Sources */,
				0574971728ACD889003FFCB0 /* ImagePicker.swift in Sources */,
				05346CE028AF87CA007F8E48 /* ChatsListView.swift in Sources */,
				0574971928AE14B2003FFCB0 /* AppDelegate.swift in Sources */,
				05C1A37B28A6771600749696 /* SyncContactsView.swift in Sources */,
				05C1A36E28A5560500749696 /* AuthViewModel.swift in Sources */,
				05C1A37F28A6A9A700749696 /* ProfileTextFieldStyle.swift in Sources */,
				05C1A37328A676DA00749696 /* WelcomeView.swift in Sources */,
				05C1A35B28A5047900749696 /* Fonts.swift in Sources */,
				05C1A37728A676F400749696 /* PhoneNumberView.swift in Sources */,
				05346CE228AFAC9A007F8E48 /* ContactRow.swift in Sources */,
				05C1A37128A6646900749696 /* OnBoardingContainerView.swift in Sources */,
				05346CDE28AF87AC007F8E48 /* ContacsListView.swift in Sources */,
				05C1A37928A6770500749696 /* VerificationView.swift in Sources */,
				05C1A36028A541AF00749696 /* TabButton.swift in Sources */,
				05C1A37D28A68CA200749696 /* OnboardingButtonStyle.swift in Sources */,
				059601E328B0C89300187E3E /* RoundedCornerExtension.swift in Sources */,
				05C1A34028A4F2AE00749696 /* ChatApp.swift in Sources */,
				059601DF28B0AA6F00187E3E /* ProfilePicView.swift in Sources */,
				059601DC28B0A5A700187E3E /* ConversationView.swift in Sources */,
			);
			runOnlyForDeploymentPostprocessing = 0;
		};
/* End PBXSourcesBuildPhase section */

/* Begin XCBuildConfiguration section */
		05C1A34828A4F2AF00749696 /* Debug */ = {
			isa = XCBuildConfiguration;
			buildSettings = {
				ALWAYS_SEARCH_USER_PATHS = NO;
				CLANG_ANALYZER_NONNULL = YES;
				CLANG_ANALYZER_NUMBER_OBJECT_CONVERSION = YES_AGGRESSIVE;
				CLANG_CXX_LANGUAGE_STANDARD = "gnu++17";
				CLANG_ENABLE_MODULES = YES;
				CLANG_ENABLE_OBJC_ARC = YES;
				CLANG_ENABLE_OBJC_WEAK = YES;
				CLANG_WARN_BLOCK_CAPTURE_AUTORELEASING = YES;
				CLANG_WARN_BOOL_CONVERSION = YES;
				CLANG_WARN_COMMA = YES;
				CLANG_WARN_CONSTANT_CONVERSION = YES;
				CLANG_WARN_DEPRECATED_OBJC_IMPLEMENTATIONS = YES;
				CLANG_WARN_DIRECT_OBJC_ISA_USAGE = YES_ERROR;
				CLANG_WARN_DOCUMENTATION_COMMENTS = YES;
				CLANG_WARN_EMPTY_BODY = YES;
				CLANG_WARN_ENUM_CONVERSION = YES;
				CLANG_WARN_INFINITE_RECURSION = YES;
				CLANG_WARN_INT_CONVERSION = YES;
				CLANG_WARN_NON_LITERAL_NULL_CONVERSION = YES;
				CLANG_WARN_OBJC_IMPLICIT_RETAIN_SELF = YES;
				CLANG_WARN_OBJC_LITERAL_CONVERSION = YES;
				CLANG_WARN_OBJC_ROOT_CLASS = YES_ERROR;
				CLANG_WARN_QUOTED_INCLUDE_IN_FRAMEWORK_HEADER = YES;
				CLANG_WARN_RANGE_LOOP_ANALYSIS = YES;
				CLANG_WARN_STRICT_PROTOTYPES = YES;
				CLANG_WARN_SUSPICIOUS_MOVE = YES;
				CLANG_WARN_UNGUARDED_AVAILABILITY = YES_AGGRESSIVE;
				CLANG_WARN_UNREACHABLE_CODE = YES;
				CLANG_WARN__DUPLICATE_METHOD_MATCH = YES;
				COPY_PHASE_STRIP = NO;
				DEBUG_INFORMATION_FORMAT = dwarf;
				ENABLE_STRICT_OBJC_MSGSEND = YES;
				ENABLE_TESTABILITY = YES;
				GCC_C_LANGUAGE_STANDARD = gnu11;
				GCC_DYNAMIC_NO_PIC = NO;
				GCC_NO_COMMON_BLOCKS = YES;
				GCC_OPTIMIZATION_LEVEL = 0;
				GCC_PREPROCESSOR_DEFINITIONS = (
					"DEBUG=1",
					"$(inherited)",
				);
				GCC_WARN_64_TO_32_BIT_CONVERSION = YES;
				GCC_WARN_ABOUT_RETURN_TYPE = YES_ERROR;
				GCC_WARN_UNDECLARED_SELECTOR = YES;
				GCC_WARN_UNINITIALIZED_AUTOS = YES_AGGRESSIVE;
				GCC_WARN_UNUSED_FUNCTION = YES;
				GCC_WARN_UNUSED_VARIABLE = YES;
				IPHONEOS_DEPLOYMENT_TARGET = 15.5;
				MTL_ENABLE_DEBUG_INFO = INCLUDE_SOURCE;
				MTL_FAST_MATH = YES;
				ONLY_ACTIVE_ARCH = YES;
				SDKROOT = iphoneos;
				SWIFT_ACTIVE_COMPILATION_CONDITIONS = DEBUG;
				SWIFT_OPTIMIZATION_LEVEL = "-Onone";
			};
			name = Debug;
		};
		05C1A34928A4F2AF00749696 /* Release */ = {
			isa = XCBuildConfiguration;
			buildSettings = {
				ALWAYS_SEARCH_USER_PATHS = NO;
				CLANG_ANALYZER_NONNULL = YES;
				CLANG_ANALYZER_NUMBER_OBJECT_CONVERSION = YES_AGGRESSIVE;
				CLANG_CXX_LANGUAGE_STANDARD = "gnu++17";
				CLANG_ENABLE_MODULES = YES;
				CLANG_ENABLE_OBJC_ARC = YES;
				CLANG_ENABLE_OBJC_WEAK = YES;
				CLANG_WARN_BLOCK_CAPTURE_AUTORELEASING = YES;
				CLANG_WARN_BOOL_CONVERSION = YES;
				CLANG_WARN_COMMA = YES;
				CLANG_WARN_CONSTANT_CONVERSION = YES;
				CLANG_WARN_DEPRECATED_OBJC_IMPLEMENTATIONS = YES;
				CLANG_WARN_DIRECT_OBJC_ISA_USAGE = YES_ERROR;
				CLANG_WARN_DOCUMENTATION_COMMENTS = YES;
				CLANG_WARN_EMPTY_BODY = YES;
				CLANG_WARN_ENUM_CONVERSION = YES;
				CLANG_WARN_INFINITE_RECURSION = YES;
				CLANG_WARN_INT_CONVERSION = YES;
				CLANG_WARN_NON_LITERAL_NULL_CONVERSION = YES;
				CLANG_WARN_OBJC_IMPLICIT_RETAIN_SELF = YES;
				CLANG_WARN_OBJC_LITERAL_CONVERSION = YES;
				CLANG_WARN_OBJC_ROOT_CLASS = YES_ERROR;
				CLANG_WARN_QUOTED_INCLUDE_IN_FRAMEWORK_HEADER = YES;
				CLANG_WARN_RANGE_LOOP_ANALYSIS = YES;
				CLANG_WARN_STRICT_PROTOTYPES = YES;
				CLANG_WARN_SUSPICIOUS_MOVE = YES;
				CLANG_WARN_UNGUARDED_AVAILABILITY = YES_AGGRESSIVE;
				CLANG_WARN_UNREACHABLE_CODE = YES;
				CLANG_WARN__DUPLICATE_METHOD_MATCH = YES;
				COPY_PHASE_STRIP = NO;
				DEBUG_INFORMATION_FORMAT = "dwarf-with-dsym";
				ENABLE_NS_ASSERTIONS = NO;
				ENABLE_STRICT_OBJC_MSGSEND = YES;
				GCC_C_LANGUAGE_STANDARD = gnu11;
				GCC_NO_COMMON_BLOCKS = YES;
				GCC_WARN_64_TO_32_BIT_CONVERSION = YES;
				GCC_WARN_ABOUT_RETURN_TYPE = YES_ERROR;
				GCC_WARN_UNDECLARED_SELECTOR = YES;
				GCC_WARN_UNINITIALIZED_AUTOS = YES_AGGRESSIVE;
				GCC_WARN_UNUSED_FUNCTION = YES;
				GCC_WARN_UNUSED_VARIABLE = YES;
				IPHONEOS_DEPLOYMENT_TARGET = 15.5;
				MTL_ENABLE_DEBUG_INFO = NO;
				MTL_FAST_MATH = YES;
				SDKROOT = iphoneos;
				SWIFT_COMPILATION_MODE = wholemodule;
				SWIFT_OPTIMIZATION_LEVEL = "-O";
				VALIDATE_PRODUCT = YES;
			};
			name = Release;
		};
		05C1A34B28A4F2AF00749696 /* Debug */ = {
			isa = XCBuildConfiguration;
			buildSettings = {
				ASSETCATALOG_COMPILER_APPICON_NAME = AppIcon;
				ASSETCATALOG_COMPILER_GLOBAL_ACCENT_COLOR_NAME = AccentColor;
				CODE_SIGN_ENTITLEMENTS = ChatApp/ChatApp.entitlements;
				CODE_SIGN_IDENTITY = "Apple Development";
				CODE_SIGN_STYLE = Manual;
				CURRENT_PROJECT_VERSION = 1;
				DEVELOPMENT_ASSET_PATHS = "\"ChatApp/Preview Content\"";
				DEVELOPMENT_TEAM = "";
				ENABLE_PREVIEWS = YES;
				GENERATE_INFOPLIST_FILE = YES;
				INFOPLIST_FILE = ChatApp/Info.plist;
				INFOPLIST_KEY_UIApplicationSceneManifest_Generation = YES;
				INFOPLIST_KEY_UIApplicationSupportsIndirectInputEvents = YES;
				INFOPLIST_KEY_UILaunchScreen_Generation = YES;
				INFOPLIST_KEY_UISupportedInterfaceOrientations_iPad = "UIInterfaceOrientationPortrait UIInterfaceOrientationPortraitUpsideDown UIInterfaceOrientationLandscapeLeft UIInterfaceOrientationLandscapeRight";
				INFOPLIST_KEY_UISupportedInterfaceOrientations_iPhone = "UIInterfaceOrientationPortrait UIInterfaceOrientationLandscapeLeft UIInterfaceOrientationLandscapeRight";
				LD_RUNPATH_SEARCH_PATHS = (
					"$(inherited)",
					"@executable_path/Frameworks",
				);
				MARKETING_VERSION = 1.0;
				PRODUCT_BUNDLE_IDENTIFIER = k2tam.ChatApp;
				PRODUCT_NAME = "$(TARGET_NAME)";
				PROVISIONING_PROFILE_SPECIFIER = "";
				SWIFT_EMIT_LOC_STRINGS = YES;
				SWIFT_VERSION = 5.0;
				TARGETED_DEVICE_FAMILY = "1,2";
			};
			name = Debug;
		};
		05C1A34C28A4F2AF00749696 /* Release */ = {
			isa = XCBuildConfiguration;
			buildSettings = {
				ASSETCATALOG_COMPILER_APPICON_NAME = AppIcon;
				ASSETCATALOG_COMPILER_GLOBAL_ACCENT_COLOR_NAME = AccentColor;
				CODE_SIGN_ENTITLEMENTS = ChatApp/ChatApp.entitlements;
				CODE_SIGN_IDENTITY = "Apple Development";
				CODE_SIGN_STYLE = Manual;
				CURRENT_PROJECT_VERSION = 1;
				DEVELOPMENT_ASSET_PATHS = "\"ChatApp/Preview Content\"";
				DEVELOPMENT_TEAM = "";
				ENABLE_PREVIEWS = YES;
				GENERATE_INFOPLIST_FILE = YES;
				INFOPLIST_FILE = ChatApp/Info.plist;
				INFOPLIST_KEY_UIApplicationSceneManifest_Generation = YES;
				INFOPLIST_KEY_UIApplicationSupportsIndirectInputEvents = YES;
				INFOPLIST_KEY_UILaunchScreen_Generation = YES;
				INFOPLIST_KEY_UISupportedInterfaceOrientations_iPad = "UIInterfaceOrientationPortrait UIInterfaceOrientationPortraitUpsideDown UIInterfaceOrientationLandscapeLeft UIInterfaceOrientationLandscapeRight";
				INFOPLIST_KEY_UISupportedInterfaceOrientations_iPhone = "UIInterfaceOrientationPortrait UIInterfaceOrientationLandscapeLeft UIInterfaceOrientationLandscapeRight";
				LD_RUNPATH_SEARCH_PATHS = (
					"$(inherited)",
					"@executable_path/Frameworks",
				);
				MARKETING_VERSION = 1.0;
				PRODUCT_BUNDLE_IDENTIFIER = k2tam.ChatApp;
				PRODUCT_NAME = "$(TARGET_NAME)";
				PROVISIONING_PROFILE_SPECIFIER = "";
				SWIFT_EMIT_LOC_STRINGS = YES;
				SWIFT_VERSION = 5.0;
				TARGETED_DEVICE_FAMILY = "1,2";
			};
			name = Release;
		};
/* End XCBuildConfiguration section */

/* Begin XCConfigurationList section */
		05C1A33728A4F2AE00749696 /* Build configuration list for PBXProject "ChatApp" */ = {
			isa = XCConfigurationList;
			buildConfigurations = (
				05C1A34828A4F2AF00749696 /* Debug */,
				05C1A34928A4F2AF00749696 /* Release */,
			);
			defaultConfigurationIsVisible = 0;
			defaultConfigurationName = Release;
		};
		05C1A34A28A4F2AF00749696 /* Build configuration list for PBXNativeTarget "ChatApp" */ = {
			isa = XCConfigurationList;
			buildConfigurations = (
				05C1A34B28A4F2AF00749696 /* Debug */,
				05C1A34C28A4F2AF00749696 /* Release */,
			);
			defaultConfigurationIsVisible = 0;
			defaultConfigurationName = Release;
		};
/* End XCConfigurationList section */

/* Begin XCRemoteSwiftPackageReference section */
		057496F328A7EB52003FFCB0 /* XCRemoteSwiftPackageReference "firebase-ios-sdk" */ = {
			isa = XCRemoteSwiftPackageReference;
			repositoryURL = "https://github.com/firebase/firebase-ios-sdk";
			requirement = {
				branch = master;
				kind = branch;
			};
		};
		05C1A36328A54B3100749696 /* XCRemoteSwiftPackageReference "firebase-ios-sdk" */ = {
			isa = XCRemoteSwiftPackageReference;
			repositoryURL = "https://github.com/firebase/firebase-ios-sdk";
			requirement = {
				branch = master;
				kind = branch;
			};
		};
/* End XCRemoteSwiftPackageReference section */

/* Begin XCSwiftPackageProductDependency section */
		057496F428A7EB52003FFCB0 /* FirebaseFirestoreSwift */ = {
			isa = XCSwiftPackageProductDependency;
			package = 05C1A36328A54B3100749696 /* XCRemoteSwiftPackageReference "firebase-ios-sdk" */;
			productName = FirebaseFirestoreSwift;
		};
		05C1A36428A54B3100749696 /* FirebaseAuth */ = {
			isa = XCSwiftPackageProductDependency;
			package = 05C1A36328A54B3100749696 /* XCRemoteSwiftPackageReference "firebase-ios-sdk" */;
			productName = FirebaseAuth;
		};
		05C1A36628A54B3100749696 /* FirebaseFirestore */ = {
			isa = XCSwiftPackageProductDependency;
			package = 05C1A36328A54B3100749696 /* XCRemoteSwiftPackageReference "firebase-ios-sdk" */;
			productName = FirebaseFirestore;
		};
		05C1A36828A54B3100749696 /* FirebaseStorage */ = {
			isa = XCSwiftPackageProductDependency;
			package = 05C1A36328A54B3100749696 /* XCRemoteSwiftPackageReference "firebase-ios-sdk" */;
			productName = FirebaseStorage;
		};
/* End XCSwiftPackageProductDependency section */
	};
	rootObject = 05C1A33428A4F2AE00749696 /* Project object */;
}
